{
  "nodes": {
    "base16-schemes": {
      "flake": false,
      "locked": {
        "lastModified": 1696158499,
        "narHash": "sha256-5yIHgDTPjoX/3oDEfLSQ0eJZdFL1SaCfb9d6M0RmOTM=",
        "owner": "tinted-theming",
        "repo": "base16-schemes",
        "rev": "a9112eaae86d9dd8ee6bb9445b664fba2f94037a",
        "type": "github"
      },
      "original": {
        "owner": "tinted-theming",
        "repo": "base16-schemes",
        "type": "github"
      }
    },
    "doomemacs": {
      "flake": false,
      "locked": {
        "lastModified": 1724743498,
        "narHash": "sha256-GVOacc7wd4/GfmDjq6DsLs4Ko+STIl0WHEBnyxNRzrA=",
        "owner": "doomemacs",
        "repo": "doomemacs",
        "rev": "a5039c4333aac4d90ae0b4d17f3ff504e26ba4a1",
        "type": "github"
      },
      "original": {
        "owner": "doomemacs",
        "repo": "doomemacs",
        "type": "github"
      }
    },
    "emacs-overlay": {
      "inputs": {
        "flake-utils": [
          "flake-utils"
        ],
        "nixpkgs": [
          "nixpkgs"
        ],
        "nixpkgs-stable": "nixpkgs-stable"
      },
      "locked": {
        "lastModified": 1724835499,
        "narHash": "sha256-0Ms4oyc0hQ4Vn5L4V5Yk8iY1kyy/hKoT+MRusHsCBJQ=",
        "owner": "nix-community",
        "repo": "emacs-overlay",
        "rev": "0cc5d42f055fa0f6dd7cad4e8c84650434378bcc",
        "type": "github"
      },
      "original": {
        "owner": "nix-community",
        "repo": "emacs-overlay",
        "type": "github"
      }
    },
    "emacs-overlay_2": {
      "inputs": {
        "flake-utils": "flake-utils_2",
        "nixpkgs": [
          "nix-doom-emacs-unstraightened"
        ],
        "nixpkgs-stable": [
          "nix-doom-emacs-unstraightened"
        ]
      },
      "locked": {
        "lastModified": 1724809610,
        "narHash": "sha256-eoW3oPT6jkS+kgcL5HgPigflWu/l57MhGlztR6ThFGc=",
        "owner": "nix-community",
        "repo": "emacs-overlay",
        "rev": "6c5563a26bd1369d05f0d9da0d0348ca9f41a643",
        "type": "github"
      },
      "original": {
        "owner": "nix-community",
        "repo": "emacs-overlay",
        "type": "github"
      }
    },
    "flake-utils": {
      "inputs": {
        "systems": "systems"
      },
      "locked": {
        "lastModified": 1710146030,
        "narHash": "sha256-SZ5L6eA7HJ/nmkzGG7/ISclqe6oZdOZTNoesiInkXPQ=",
        "owner": "numtide",
        "repo": "flake-utils",
        "rev": "b1d9ab70662946ef0850d488da1c9019f3a9752a",
        "type": "github"
      },
      "original": {
        "owner": "numtide",
        "repo": "flake-utils",
        "type": "github"
      }
    },
    "flake-utils_2": {
      "inputs": {
        "systems": "systems_2"
      },
      "locked": {
        "lastModified": 1710146030,
        "narHash": "sha256-SZ5L6eA7HJ/nmkzGG7/ISclqe6oZdOZTNoesiInkXPQ=",
        "owner": "numtide",
        "repo": "flake-utils",
        "rev": "b1d9ab70662946ef0850d488da1c9019f3a9752a",
        "type": "github"
      },
      "original": {
        "owner": "numtide",
        "repo": "flake-utils",
        "type": "github"
      }
    },
    "home-manager": {
      "inputs": {
        "nixpkgs": [
          "nixpkgs"
        ]
      },
      "locked": {
        "lastModified": 1724435763,
        "narHash": "sha256-UNky3lJNGQtUEXT2OY8gMxejakSWPTfWKvpFkpFlAfM=",
        "owner": "nix-community",
        "repo": "home-manager",
        "rev": "c2cd2a52e02f1dfa1c88f95abeb89298d46023be",
        "type": "github"
      },
      "original": {
        "owner": "nix-community",
        "repo": "home-manager",
        "type": "github"
      }
    },
    "impermanence": {
      "locked": {
        "lastModified": 1724489415,
        "narHash": "sha256-ey8vhwY/6XCKoh7fyTn3aIQs7WeYSYtLbYEG87VCzX4=",
        "owner": "nix-community",
        "repo": "impermanence",
        "rev": "c7f5b394397398c023000cf843986ee2571a1fd7",
        "type": "github"
      },
      "original": {
        "owner": "nix-community",
        "repo": "impermanence",
        "type": "github"
      }
    },
    "nil": {
      "inputs": {
        "flake-utils": [
          "flake-utils"
        ],
        "nixpkgs": [
          "nixpkgs"
        ],
        "rust-overlay": "rust-overlay"
      },
      "locked": {
        "lastModified": 1723948777,
        "narHash": "sha256-rX14joTzvRUiCfmCT0LUMV3Mxi79VJANcKB/kkh7Qys=",
        "owner": "oxalica",
        "repo": "nil",
        "rev": "4f3081d1f10bb61f197b780e67f426e53f818691",
        "type": "github"
      },
      "original": {
        "owner": "oxalica",
        "repo": "nil",
        "type": "github"
      }
    },
    "nix-colors": {
      "inputs": {
        "base16-schemes": "base16-schemes",
        "nixpkgs-lib": "nixpkgs-lib"
      },
      "locked": {
        "lastModified": 1707825078,
        "narHash": "sha256-hTfge2J2W+42SZ7VHXkf4kjU+qzFqPeC9k66jAUBMHk=",
        "owner": "Misterio77",
        "repo": "nix-colors",
        "rev": "b01f024090d2c4fc3152cd0cf12027a7b8453ba1",
        "type": "github"
      },
      "original": {
        "owner": "Misterio77",
        "repo": "nix-colors",
        "type": "github"
      }
    },
    "nix-doom-emacs-unstraightened": {
      "inputs": {
        "doomemacs": "doomemacs",
        "emacs-overlay": "emacs-overlay_2",
        "nixpkgs": [],
        "systems": "systems_3"
      },
      "locked": {
        "lastModified": 1724834099,
        "narHash": "sha256-nLH993qSFkFgDq0oEdBljBgk8aGqoFdsXBAJtKQCUr8=",
        "owner": "marienz",
        "repo": "nix-doom-emacs-unstraightened",
        "rev": "6213797e0051ed6fcec7b38d6beddc91664e50d5",
        "type": "github"
      },
      "original": {
        "owner": "marienz",
        "repo": "nix-doom-emacs-unstraightened",
        "type": "github"
      }
    },
    "nixos-hardware": {
      "locked": {
        "lastModified": 1724575805,
        "narHash": "sha256-OB/kEL3GAhUZmUfkbPfsPhKs0pRqJKs0EEBiLfyKZw8=",
        "owner": "nixos",
        "repo": "nixos-hardware",
        "rev": "9fc19be21f0807d6be092d70bf0b1de0c00ac895",
        "type": "github"
      },
      "original": {
        "owner": "nixos",
        "repo": "nixos-hardware",
        "type": "github"
      }
    },
    "nixpkgs": {
      "locked": {
        "lastModified": 1724479785,
        "narHash": "sha256-pP3Azj5d6M5nmG68Fu4JqZmdGt4S4vqI5f8te+E/FTw=",
        "owner": "nixos",
        "repo": "nixpkgs",
        "rev": "d0e1602ddde669d5beb01aec49d71a51937ed7be",
        "type": "github"
      },
      "original": {
        "owner": "nixos",
        "ref": "nixos-unstable",
        "repo": "nixpkgs",
        "type": "github"
      }
    },
    "nixpkgs-lib": {
      "locked": {
        "lastModified": 1697935651,
        "narHash": "sha256-qOfWjQ2JQSQL15KLh6D7xQhx0qgZlYZTYlcEiRuAMMw=",
        "owner": "nix-community",
        "repo": "nixpkgs.lib",
        "rev": "e1e11fdbb01113d85c7f41cada9d2847660e3902",
        "type": "github"
      },
      "original": {
        "owner": "nix-community",
        "repo": "nixpkgs.lib",
        "type": "github"
      }
    },
    "nixpkgs-stable": {
      "locked": {
        "lastModified": 1724531977,
        "narHash": "sha256-XROVLf9ti4rrNCFLr+DmXRZtPjCQTW4cYy59owTEmxk=",
        "owner": "NixOS",
        "repo": "nixpkgs",
        "rev": "2527da1ef492c495d5391f3bcf9c1dd9f4514e32",
        "type": "github"
      },
      "original": {
        "owner": "NixOS",
        "ref": "nixos-24.05",
        "repo": "nixpkgs",
        "type": "github"
      }
    },
    "nixpkgs-unstable": {
      "locked": {
        "lastModified": 1724748588,
        "narHash": "sha256-NlpGA4+AIf1dKNq76ps90rxowlFXUsV9x7vK/mN37JM=",
        "owner": "nixos",
        "repo": "nixpkgs",
        "rev": "a6292e34000dc93d43bccf78338770c1c5ec8a99",
        "type": "github"
      },
      "original": {
        "owner": "nixos",
        "ref": "nixpkgs-unstable",
        "repo": "nixpkgs",
        "type": "github"
      }
    },
    "nur": {
      "locked": {
        "lastModified": 1724835691,
        "narHash": "sha256-4JJ63iKOl/bhCITdMJZnIJCxqgOvuChFxIiJTfM2zao=",
        "owner": "nix-community",
        "repo": "NUR",
        "rev": "7d4b08bf7adb669925255535564cc7807e106801",
        "type": "github"
      },
      "original": {
        "owner": "nix-community",
        "repo": "NUR",
        "type": "github"
      }
    },
    "root": {
      "inputs": {
        "emacs-overlay": "emacs-overlay",
        "flake-utils": "flake-utils",
        "home-manager": "home-manager",
        "impermanence": "impermanence",
        "nil": "nil",
        "nix-colors": "nix-colors",
        "nix-doom-emacs-unstraightened": "nix-doom-emacs-unstraightened",
        "nixos-hardware": "nixos-hardware",
        "nixpkgs": "nixpkgs",
        "nixpkgs-unstable": "nixpkgs-unstable",
        "nur": "nur"
      }
    },
    "rust-overlay": {
      "inputs": {
        "nixpkgs": [
          "nil",
          "nixpkgs"
        ]
      },
      "locked": {
        "lastModified": 1722824458,
        "narHash": "sha256-2k3/geD5Yh8JT1nrGaRycje5kB0DkvQA/OUZoel1bIU=",
        "owner": "oxalica",
        "repo": "rust-overlay",
        "rev": "a8a937c304e62a5098c6276c9cdf65c19a43b1a5",
        "type": "github"
      },
      "original": {
        "owner": "oxalica",
        "repo": "rust-overlay",
        "type": "github"
      }
    },
    "systems": {
      "locked": {
        "lastModified": 1681028828,
        "narHash": "sha256-Vy1rq5AaRuLzOxct8nz4T6wlgyUR7zLU309k9mBC768=",
        "owner": "nix-systems",
        "repo": "default",
        "rev": "da67096a3b9bf56a91d16901293e51ba5b49a27e",
        "type": "github"
      },
      "original": {
        "owner": "nix-systems",
        "repo": "default",
        "type": "github"
      }
    },
    "systems_2": {
      "locked": {
        "lastModified": 1681028828,
        "narHash": "sha256-Vy1rq5AaRuLzOxct8nz4T6wlgyUR7zLU309k9mBC768=",
        "owner": "nix-systems",
        "repo": "default",
        "rev": "da67096a3b9bf56a91d16901293e51ba5b49a27e",
        "type": "github"
      },
      "original": {
        "owner": "nix-systems",
        "repo": "default",
        "type": "github"
      }
    },
    "systems_3": {
      "locked": {
        "lastModified": 1681028828,
        "narHash": "sha256-Vy1rq5AaRuLzOxct8nz4T6wlgyUR7zLU309k9mBC768=",
        "owner": "nix-systems",
        "repo": "default",
        "rev": "da67096a3b9bf56a91d16901293e51ba5b49a27e",
        "type": "github"
      },
      "original": {
        "owner": "nix-systems",
        "repo": "default",
        "type": "github"
      }
    }
  },
  "root": "root",
  "version": 7
}
